// !$*UTF8*$!
{
	archiveVersion = 1;
	classes = {
	};
	objectVersion = 56;
	objects = {

/* Begin PBXBuildFile section */
		364029012CC608EA004D745F /* DGCharts in Frameworks */ = {isa = PBXBuildFile; productRef = 364029002CC608EA004D745F /* DGCharts */; };
		364029042CC60B8B004D745F /* RKetCombinedChartRenderer.swift in Sources */ = {isa = PBXBuildFile; fileRef = 364029032CC60B85004D745F /* RKetCombinedChartRenderer.swift */; };
		364029062CC60BA1004D745F /* RKLineChartRenderer.swift in Sources */ = {isa = PBXBuildFile; fileRef = 364029052CC60BA0004D745F /* RKLineChartRenderer.swift */; };
		364029082CC60BCF004D745F /* TextHelper.swift in Sources */ = {isa = PBXBuildFile; fileRef = 364029072CC60BCB004D745F /* TextHelper.swift */; };
		3640290C2CC74325004D745F /* OHLC.swift in Sources */ = {isa = PBXBuildFile; fileRef = 3640290B2CC74323004D745F /* OHLC.swift */; };
		3640290E2CC74FC3004D745F /* PTChartVM.swift in Sources */ = {isa = PBXBuildFile; fileRef = 3640290D2CC74FC0004D745F /* PTChartVM.swift */; };
		364029102CC754AC004D745F /* PriceTargetTests.swift in Sources */ = {isa = PBXBuildFile; fileRef = 3640290F2CC754AA004D745F /* PriceTargetTests.swift */; };
		364029122CC78575004D745F /* PTChartView.swift in Sources */ = {isa = PBXBuildFile; fileRef = 364029112CC7856F004D745F /* PTChartView.swift */; };
		36514F582CCA2D0800838B37 /* PTCapsuleView.swift in Sources */ = {isa = PBXBuildFile; fileRef = 36514F572CCA2D0000838B37 /* PTCapsuleView.swift */; };
		36514F5A2CCA2EB000838B37 /* PTCapsuleVM.swift in Sources */ = {isa = PBXBuildFile; fileRef = 36514F592CCA2EAC00838B37 /* PTCapsuleVM.swift */; };
		36514F5C2CCA2FB400838B37 /* CustomViewController+Capsule.swift in Sources */ = {isa = PBXBuildFile; fileRef = 36514F5B2CCA2FB100838B37 /* CustomViewController+Capsule.swift */; };
		36514F5E2CCA4CDC00838B37 /* ResponseMocker.swift in Sources */ = {isa = PBXBuildFile; fileRef = 36514F5D2CCA4CD800838B37 /* ResponseMocker.swift */; };
		36B587C32BF73F1600D523D0 /* AppDelegate.swift in Sources */ = {isa = PBXBuildFile; fileRef = 36B587C22BF73F1600D523D0 /* AppDelegate.swift */; };
		36B587C52BF73F1600D523D0 /* SceneDelegate.swift in Sources */ = {isa = PBXBuildFile; fileRef = 36B587C42BF73F1600D523D0 /* SceneDelegate.swift */; };
		36B587C72BF73F1600D523D0 /* ViewController.swift in Sources */ = {isa = PBXBuildFile; fileRef = 36B587C62BF73F1600D523D0 /* ViewController.swift */; };
		36B587CA2BF73F1600D523D0 /* Base in Resources */ = {isa = PBXBuildFile; fileRef = 36B587C92BF73F1600D523D0 /* Base */; };
		36B587CC2BF73F1800D523D0 /* Assets.xcassets in Resources */ = {isa = PBXBuildFile; fileRef = 36B587CB2BF73F1800D523D0 /* Assets.xcassets */; };
		36B587CF2BF73F1800D523D0 /* Base in Resources */ = {isa = PBXBuildFile; fileRef = 36B587CE2BF73F1800D523D0 /* Base */; };
		36B587DA2BF73F1900D523D0 /* YourProjectTests.swift in Sources */ = {isa = PBXBuildFile; fileRef = 36B587D92BF73F1900D523D0 /* YourProjectTests.swift */; };
		36B587E42BF73F1900D523D0 /* YourProjectUITests.swift in Sources */ = {isa = PBXBuildFile; fileRef = 36B587E32BF73F1900D523D0 /* YourProjectUITests.swift */; };
		36B587E62BF73F1900D523D0 /* YourProjectUITestsLaunchTests.swift in Sources */ = {isa = PBXBuildFile; fileRef = 36B587E52BF73F1900D523D0 /* YourProjectUITestsLaunchTests.swift */; };
		36B587F32BF73F4900D523D0 /* CustomViewController.swift in Sources */ = {isa = PBXBuildFile; fileRef = 36B587F22BF73F4900D523D0 /* CustomViewController.swift */; };
		36B587F62BF73FF800D523D0 /* SnapKit in Frameworks */ = {isa = PBXBuildFile; productRef = 36B587F52BF73FF800D523D0 /* SnapKit */; };
		36D5D0CB2CCB4644003EC772 /* DrawShapeView.swift in Sources */ = {isa = PBXBuildFile; fileRef = 36D5D0CA2CCB463D003EC772 /* DrawShapeView.swift */; };
/* End PBXBuildFile section */

/* Begin PBXContainerItemProxy section */
		36B587D62BF73F1900D523D0 /* PBXContainerItemProxy */ = {
			isa = PBXContainerItemProxy;
			containerPortal = 36B587B72BF73F1600D523D0 /* Project object */;
			proxyType = 1;
			remoteGlobalIDString = 36B587BE2BF73F1600D523D0;
			remoteInfo = YourProject;
		};
		36B587E02BF73F1900D523D0 /* PBXContainerItemProxy */ = {
			isa = PBXContainerItemProxy;
			containerPortal = 36B587B72BF73F1600D523D0 /* Project object */;
			proxyType = 1;
			remoteGlobalIDString = 36B587BE2BF73F1600D523D0;
			remoteInfo = YourProject;
		};
/* End PBXContainerItemProxy section */

/* Begin PBXFileReference section */
		364029032CC60B85004D745F /* RKetCombinedChartRenderer.swift */ = {isa = PBXFileReference; lastKnownFileType = sourcecode.swift; path = RKetCombinedChartRenderer.swift; sourceTree = "<group>"; };
		364029052CC60BA0004D745F /* RKLineChartRenderer.swift */ = {isa = PBXFileReference; lastKnownFileType = sourcecode.swift; path = RKLineChartRenderer.swift; sourceTree = "<group>"; };
		364029072CC60BCB004D745F /* TextHelper.swift */ = {isa = PBXFileReference; lastKnownFileType = sourcecode.swift; path = TextHelper.swift; sourceTree = "<group>"; };
		3640290B2CC74323004D745F /* OHLC.swift */ = {isa = PBXFileReference; lastKnownFileType = sourcecode.swift; path = OHLC.swift; sourceTree = "<group>"; };
		3640290D2CC74FC0004D745F /* PTChartVM.swift */ = {isa = PBXFileReference; lastKnownFileType = sourcecode.swift; path = PTChartVM.swift; sourceTree = "<group>"; };
		3640290F2CC754AA004D745F /* PriceTargetTests.swift */ = {isa = PBXFileReference; lastKnownFileType = sourcecode.swift; path = PriceTargetTests.swift; sourceTree = "<group>"; };
		364029112CC7856F004D745F /* PTChartView.swift */ = {isa = PBXFileReference; lastKnownFileType = sourcecode.swift; path = PTChartView.swift; sourceTree = "<group>"; };
		36514F572CCA2D0000838B37 /* PTCapsuleView.swift */ = {isa = PBXFileReference; lastKnownFileType = sourcecode.swift; path = PTCapsuleView.swift; sourceTree = "<group>"; };
		36514F592CCA2EAC00838B37 /* PTCapsuleVM.swift */ = {isa = PBXFileReference; lastKnownFileType = sourcecode.swift; path = PTCapsuleVM.swift; sourceTree = "<group>"; };
		36514F5B2CCA2FB100838B37 /* CustomViewController+Capsule.swift */ = {isa = PBXFileReference; lastKnownFileType = sourcecode.swift; path = "CustomViewController+Capsule.swift"; sourceTree = "<group>"; };
		36514F5D2CCA4CD800838B37 /* ResponseMocker.swift */ = {isa = PBXFileReference; lastKnownFileType = sourcecode.swift; path = ResponseMocker.swift; sourceTree = "<group>"; };
		36B587BF2BF73F1600D523D0 /* YourProject.app */ = {isa = PBXFileReference; explicitFileType = wrapper.application; includeInIndex = 0; path = YourProject.app; sourceTree = BUILT_PRODUCTS_DIR; };
		36B587C22BF73F1600D523D0 /* AppDelegate.swift */ = {isa = PBXFileReference; lastKnownFileType = sourcecode.swift; path = AppDelegate.swift; sourceTree = "<group>"; };
		36B587C42BF73F1600D523D0 /* SceneDelegate.swift */ = {isa = PBXFileReference; lastKnownFileType = sourcecode.swift; path = SceneDelegate.swift; sourceTree = "<group>"; };
		36B587C62BF73F1600D523D0 /* ViewController.swift */ = {isa = PBXFileReference; lastKnownFileType = sourcecode.swift; path = ViewController.swift; sourceTree = "<group>"; };
		36B587C92BF73F1600D523D0 /* Base */ = {isa = PBXFileReference; lastKnownFileType = file.storyboard; name = Base; path = Base.lproj/Main.storyboard; sourceTree = "<group>"; };
		36B587CB2BF73F1800D523D0 /* Assets.xcassets */ = {isa = PBXFileReference; lastKnownFileType = folder.assetcatalog; path = Assets.xcassets; sourceTree = "<group>"; };
		36B587CE2BF73F1800D523D0 /* Base */ = {isa = PBXFileReference; lastKnownFileType = file.storyboard; name = Base; path = Base.lproj/LaunchScreen.storyboard; sourceTree = "<group>"; };
		36B587D02BF73F1800D523D0 /* Info.plist */ = {isa = PBXFileReference; lastKnownFileType = text.plist.xml; path = Info.plist; sourceTree = "<group>"; };
		36B587D52BF73F1900D523D0 /* YourProjectTests.xctest */ = {isa = PBXFileReference; explicitFileType = wrapper.cfbundle; includeInIndex = 0; path = YourProjectTests.xctest; sourceTree = BUILT_PRODUCTS_DIR; };
		36B587D92BF73F1900D523D0 /* YourProjectTests.swift */ = {isa = PBXFileReference; lastKnownFileType = sourcecode.swift; path = YourProjectTests.swift; sourceTree = "<group>"; };
		36B587DF2BF73F1900D523D0 /* YourProjectUITests.xctest */ = {isa = PBXFileReference; explicitFileType = wrapper.cfbundle; includeInIndex = 0; path = YourProjectUITests.xctest; sourceTree = BUILT_PRODUCTS_DIR; };
		36B587E32BF73F1900D523D0 /* YourProjectUITests.swift */ = {isa = PBXFileReference; lastKnownFileType = sourcecode.swift; path = YourProjectUITests.swift; sourceTree = "<group>"; };
		36B587E52BF73F1900D523D0 /* YourProjectUITestsLaunchTests.swift */ = {isa = PBXFileReference; lastKnownFileType = sourcecode.swift; path = YourProjectUITestsLaunchTests.swift; sourceTree = "<group>"; };
		36B587F22BF73F4900D523D0 /* CustomViewController.swift */ = {isa = PBXFileReference; lastKnownFileType = sourcecode.swift; path = CustomViewController.swift; sourceTree = "<group>"; };
		36D5D0CA2CCB463D003EC772 /* DrawShapeView.swift */ = {isa = PBXFileReference; lastKnownFileType = sourcecode.swift; path = DrawShapeView.swift; sourceTree = "<group>"; };
/* End PBXFileReference section */

/* Begin PBXFrameworksBuildPhase section */
		36B587BC2BF73F1600D523D0 /* Frameworks */ = {
			isa = PBXFrameworksBuildPhase;
			buildActionMask = 2147483647;
			files = (
				364029012CC608EA004D745F /* DGCharts in Frameworks */,
				36B587F62BF73FF800D523D0 /* SnapKit in Frameworks */,
			);
			runOnlyForDeploymentPostprocessing = 0;
		};
		36B587D22BF73F1900D523D0 /* Frameworks */ = {
			isa = PBXFrameworksBuildPhase;
			buildActionMask = 2147483647;
			files = (
			);
			runOnlyForDeploymentPostprocessing = 0;
		};
		36B587DC2BF73F1900D523D0 /* Frameworks */ = {
			isa = PBXFrameworksBuildPhase;
			buildActionMask = 2147483647;
			files = (
			);
			runOnlyForDeploymentPostprocessing = 0;
		};
/* End PBXFrameworksBuildPhase section */

/* Begin PBXGroup section */
		364028FF2CC608EA004D745F /* Frameworks */ = {
			isa = PBXGroup;
			children = (
			);
			name = Frameworks;
			sourceTree = "<group>";
		};
		364029022CC60B80004D745F /* Chart */ = {
			isa = PBXGroup;
			children = (
				36514F5D2CCA4CD800838B37 /* ResponseMocker.swift */,
				36514F562CCA2CA700838B37 /* Capsule */,
				364029112CC7856F004D745F /* PTChartView.swift */,
				3640290D2CC74FC0004D745F /* PTChartVM.swift */,
				3640290B2CC74323004D745F /* OHLC.swift */,
				364029032CC60B85004D745F /* RKetCombinedChartRenderer.swift */,
				364029052CC60BA0004D745F /* RKLineChartRenderer.swift */,
				364029072CC60BCB004D745F /* TextHelper.swift */,
				36D5D0CA2CCB463D003EC772 /* DrawShapeView.swift */,
			);
			path = Chart;
			sourceTree = "<group>";
		};
		36514F562CCA2CA700838B37 /* Capsule */ = {
			isa = PBXGroup;
			children = (
				36514F572CCA2D0000838B37 /* PTCapsuleView.swift */,
				36514F592CCA2EAC00838B37 /* PTCapsuleVM.swift */,
			);
			path = Capsule;
			sourceTree = "<group>";
		};
		36B587B62BF73F1600D523D0 = {
			isa = PBXGroup;
			children = (
				36B587C12BF73F1600D523D0 /* YourProject */,
				36B587D82BF73F1900D523D0 /* YourProjectTests */,
				36B587E22BF73F1900D523D0 /* YourProjectUITests */,
				364028FF2CC608EA004D745F /* Frameworks */,
				36B587C02BF73F1600D523D0 /* Products */,
			);
			sourceTree = "<group>";
		};
		36B587C02BF73F1600D523D0 /* Products */ = {
			isa = PBXGroup;
			children = (
				36B587BF2BF73F1600D523D0 /* YourProject.app */,
				36B587D52BF73F1900D523D0 /* YourProjectTests.xctest */,
				36B587DF2BF73F1900D523D0 /* YourProjectUITests.xctest */,
			);
			name = Products;
			sourceTree = "<group>";
		};
		36B587C12BF73F1600D523D0 /* YourProject */ = {
			isa = PBXGroup;
			children = (
				36B587C22BF73F1600D523D0 /* AppDelegate.swift */,
				36B587C42BF73F1600D523D0 /* SceneDelegate.swift */,
				36B587F22BF73F4900D523D0 /* CustomViewController.swift */,
				36514F5B2CCA2FB100838B37 /* CustomViewController+Capsule.swift */,
				364029022CC60B80004D745F /* Chart */,
				36B587C62BF73F1600D523D0 /* ViewController.swift */,
				36B587C82BF73F1600D523D0 /* Main.storyboard */,
				36B587CB2BF73F1800D523D0 /* Assets.xcassets */,
				36B587CD2BF73F1800D523D0 /* LaunchScreen.storyboard */,
				36B587D02BF73F1800D523D0 /* Info.plist */,
			);
			path = YourProject;
			sourceTree = "<group>";
		};
		36B587D82BF73F1900D523D0 /* YourProjectTests */ = {
			isa = PBXGroup;
			children = (
				3640290F2CC754AA004D745F /* PriceTargetTests.swift */,
				36B587D92BF73F1900D523D0 /* YourProjectTests.swift */,
			);
			path = YourProjectTests;
			sourceTree = "<group>";
		};
		36B587E22BF73F1900D523D0 /* YourProjectUITests */ = {
			isa = PBXGroup;
			children = (
				36B587E32BF73F1900D523D0 /* YourProjectUITests.swift */,
				36B587E52BF73F1900D523D0 /* YourProjectUITestsLaunchTests.swift */,
			);
			path = YourProjectUITests;
			sourceTree = "<group>";
		};
/* End PBXGroup section */

/* Begin PBXNativeTarget section */
		36B587BE2BF73F1600D523D0 /* YourProject */ = {
			isa = PBXNativeTarget;
			buildConfigurationList = 36B587E92BF73F1900D523D0 /* Build configuration list for PBXNativeTarget "YourProject" */;
			buildPhases = (
				36B587BB2BF73F1600D523D0 /* Sources */,
				36B587BC2BF73F1600D523D0 /* Frameworks */,
				36B587BD2BF73F1600D523D0 /* Resources */,
			);
			buildRules = (
			);
			dependencies = (
			);
			name = YourProject;
			packageProductDependencies = (
				36B587F52BF73FF800D523D0 /* SnapKit */,
				364029002CC608EA004D745F /* DGCharts */,
			);
			productName = YourProject;
			productReference = 36B587BF2BF73F1600D523D0 /* YourProject.app */;
			productType = "com.apple.product-type.application";
		};
		36B587D42BF73F1900D523D0 /* YourProjectTests */ = {
			isa = PBXNativeTarget;
			buildConfigurationList = 36B587EC2BF73F1900D523D0 /* Build configuration list for PBXNativeTarget "YourProjectTests" */;
			buildPhases = (
				36B587D12BF73F1900D523D0 /* Sources */,
				36B587D22BF73F1900D523D0 /* Frameworks */,
				36B587D32BF73F1900D523D0 /* Resources */,
			);
			buildRules = (
			);
			dependencies = (
				36B587D72BF73F1900D523D0 /* PBXTargetDependency */,
			);
			name = YourProjectTests;
			productName = YourProjectTests;
			productReference = 36B587D52BF73F1900D523D0 /* YourProjectTests.xctest */;
			productType = "com.apple.product-type.bundle.unit-test";
		};
		36B587DE2BF73F1900D523D0 /* YourProjectUITests */ = {
			isa = PBXNativeTarget;
			buildConfigurationList = 36B587EF2BF73F1900D523D0 /* Build configuration list for PBXNativeTarget "YourProjectUITests" */;
			buildPhases = (
				36B587DB2BF73F1900D523D0 /* Sources */,
				36B587DC2BF73F1900D523D0 /* Frameworks */,
				36B587DD2BF73F1900D523D0 /* Resources */,
			);
			buildRules = (
			);
			dependencies = (
				36B587E12BF73F1900D523D0 /* PBXTargetDependency */,
			);
			name = YourProjectUITests;
			productName = YourProjectUITests;
			productReference = 36B587DF2BF73F1900D523D0 /* YourProjectUITests.xctest */;
			productType = "com.apple.product-type.bundle.ui-testing";
		};
/* End PBXNativeTarget section */

/* Begin PBXProject section */
		36B587B72BF73F1600D523D0 /* Project object */ = {
			isa = PBXProject;
			attributes = {
				BuildIndependentTargetsInParallel = 1;
				LastSwiftUpdateCheck = 1530;
				LastUpgradeCheck = 1530;
				TargetAttributes = {
					36B587BE2BF73F1600D523D0 = {
						CreatedOnToolsVersion = 15.3;
					};
					36B587D42BF73F1900D523D0 = {
						CreatedOnToolsVersion = 15.3;
						TestTargetID = 36B587BE2BF73F1600D523D0;
					};
					36B587DE2BF73F1900D523D0 = {
						CreatedOnToolsVersion = 15.3;
						TestTargetID = 36B587BE2BF73F1600D523D0;
					};
				};
			};
			buildConfigurationList = 36B587BA2BF73F1600D523D0 /* Build configuration list for PBXProject "YourProject" */;
			compatibilityVersion = "Xcode 14.0";
			developmentRegion = en;
			hasScannedForEncodings = 0;
			knownRegions = (
				en,
				Base,
			);
			mainGroup = 36B587B62BF73F1600D523D0;
			packageReferences = (
				36B587F42BF73FF800D523D0 /* XCRemoteSwiftPackageReference "SnapKit" */,
				364028FE2CC604B4004D745F /* XCRemoteSwiftPackageReference "Charts" */,
			);
			productRefGroup = 36B587C02BF73F1600D523D0 /* Products */;
			projectDirPath = "";
			projectRoot = "";
			targets = (
				36B587BE2BF73F1600D523D0 /* YourProject */,
				36B587D42BF73F1900D523D0 /* YourProjectTests */,
				36B587DE2BF73F1900D523D0 /* YourProjectUITests */,
			);
		};
/* End PBXProject section */

/* Begin PBXResourcesBuildPhase section */
		36B587BD2BF73F1600D523D0 /* Resources */ = {
			isa = PBXResourcesBuildPhase;
			buildActionMask = 2147483647;
			files = (
				36B587CC2BF73F1800D523D0 /* Assets.xcassets in Resources */,
				36B587CF2BF73F1800D523D0 /* Base in Resources */,
				36B587CA2BF73F1600D523D0 /* Base in Resources */,
			);
			runOnlyForDeploymentPostprocessing = 0;
		};
		36B587D32BF73F1900D523D0 /* Resources */ = {
			isa = PBXResourcesBuildPhase;
			buildActionMask = 2147483647;
			files = (
			);
			runOnlyForDeploymentPostprocessing = 0;
		};
		36B587DD2BF73F1900D523D0 /* Resources */ = {
			isa = PBXResourcesBuildPhase;
			buildActionMask = 2147483647;
			files = (
			);
			runOnlyForDeploymentPostprocessing = 0;
		};
/* End PBXResourcesBuildPhase section */

/* Begin PBXSourcesBuildPhase section */
		36B587BB2BF73F1600D523D0 /* Sources */ = {
			isa = PBXSourcesBuildPhase;
			buildActionMask = 2147483647;
			files = (
				364029062CC60BA1004D745F /* RKLineChartRenderer.swift in Sources */,
				36514F5E2CCA4CDC00838B37 /* ResponseMocker.swift in Sources */,
				36B587C72BF73F1600D523D0 /* ViewController.swift in Sources */,
				36514F582CCA2D0800838B37 /* PTCapsuleView.swift in Sources */,
				364029122CC78575004D745F /* PTChartView.swift in Sources */,
				36B587C32BF73F1600D523D0 /* AppDelegate.swift in Sources */,
				36B587C52BF73F1600D523D0 /* SceneDelegate.swift in Sources */,
				36514F5A2CCA2EB000838B37 /* PTCapsuleVM.swift in Sources */,
				364029042CC60B8B004D745F /* RKetCombinedChartRenderer.swift in Sources */,
				36D5D0CB2CCB4644003EC772 /* DrawShapeView.swift in Sources */,
				3640290E2CC74FC3004D745F /* PTChartVM.swift in Sources */,
				36514F5C2CCA2FB400838B37 /* CustomViewController+Capsule.swift in Sources */,
				36B587F32BF73F4900D523D0 /* CustomViewController.swift in Sources */,
				3640290C2CC74325004D745F /* OHLC.swift in Sources */,
				364029082CC60BCF004D745F /* TextHelper.swift in Sources */,
			);
			runOnlyForDeploymentPostprocessing = 0;
		};
		36B587D12BF73F1900D523D0 /* Sources */ = {
			isa = PBXSourcesBuildPhase;
			buildActionMask = 2147483647;
			files = (
				364029102CC754AC004D745F /* PriceTargetTests.swift in Sources */,
				36B587DA2BF73F1900D523D0 /* YourProjectTests.swift in Sources */,
			);
			runOnlyForDeploymentPostprocessing = 0;
		};
		36B587DB2BF73F1900D523D0 /* Sources */ = {
			isa = PBXSourcesBuildPhase;
			buildActionMask = 2147483647;
			files = (
				36B587E42BF73F1900D523D0 /* YourProjectUITests.swift in Sources */,
				36B587E62BF73F1900D523D0 /* YourProjectUITestsLaunchTests.swift in Sources */,
			);
			runOnlyForDeploymentPostprocessing = 0;
		};
/* End PBXSourcesBuildPhase section */

/* Begin PBXTargetDependency section */
		36B587D72BF73F1900D523D0 /* PBXTargetDependency */ = {
			isa = PBXTargetDependency;
			target = 36B587BE2BF73F1600D523D0 /* YourProject */;
			targetProxy = 36B587D62BF73F1900D523D0 /* PBXContainerItemProxy */;
		};
		36B587E12BF73F1900D523D0 /* PBXTargetDependency */ = {
			isa = PBXTargetDependency;
			target = 36B587BE2BF73F1600D523D0 /* YourProject */;
			targetProxy = 36B587E02BF73F1900D523D0 /* PBXContainerItemProxy */;
		};
/* End PBXTargetDependency section */

/* Begin PBXVariantGroup section */
		36B587C82BF73F1600D523D0 /* Main.storyboard */ = {
			isa = PBXVariantGroup;
			children = (
				36B587C92BF73F1600D523D0 /* Base */,
			);
			name = Main.storyboard;
			sourceTree = "<group>";
		};
		36B587CD2BF73F1800D523D0 /* LaunchScreen.storyboard */ = {
			isa = PBXVariantGroup;
			children = (
				36B587CE2BF73F1800D523D0 /* Base */,
			);
			name = LaunchScreen.storyboard;
			sourceTree = "<group>";
		};
/* End PBXVariantGroup section */

/* Begin XCBuildConfiguration section */
		36B587E72BF73F1900D523D0 /* Debug */ = {
			isa = XCBuildConfiguration;
			buildSettings = {
				ALWAYS_SEARCH_USER_PATHS = NO;
				ASSETCATALOG_COMPILER_GENERATE_SWIFT_ASSET_SYMBOL_EXTENSIONS = YES;
				CLANG_ANALYZER_NONNULL = YES;
				CLANG_ANALYZER_NUMBER_OBJECT_CONVERSION = YES_AGGRESSIVE;
				CLANG_CXX_LANGUAGE_STANDARD = "gnu++20";
				CLANG_ENABLE_MODULES = YES;
				CLANG_ENABLE_OBJC_ARC = YES;
				CLANG_ENABLE_OBJC_WEAK = YES;
				CLANG_WARN_BLOCK_CAPTURE_AUTORELEASING = YES;
				CLANG_WARN_BOOL_CONVERSION = YES;
				CLANG_WARN_COMMA = YES;
				CLANG_WARN_CONSTANT_CONVERSION = YES;
				CLANG_WARN_DEPRECATED_OBJC_IMPLEMENTATIONS = YES;
				CLANG_WARN_DIRECT_OBJC_ISA_USAGE = YES_ERROR;
				CLANG_WARN_DOCUMENTATION_COMMENTS = YES;
				CLANG_WARN_EMPTY_BODY = YES;
				CLANG_WARN_ENUM_CONVERSION = YES;
				CLANG_WARN_INFINITE_RECURSION = YES;
				CLANG_WARN_INT_CONVERSION = YES;
				CLANG_WARN_NON_LITERAL_NULL_CONVERSION = YES;
				CLANG_WARN_OBJC_IMPLICIT_RETAIN_SELF = YES;
				CLANG_WARN_OBJC_LITERAL_CONVERSION = YES;
				CLANG_WARN_OBJC_ROOT_CLASS = YES_ERROR;
				CLANG_WARN_QUOTED_INCLUDE_IN_FRAMEWORK_HEADER = YES;
				CLANG_WARN_RANGE_LOOP_ANALYSIS = YES;
				CLANG_WARN_STRICT_PROTOTYPES = YES;
				CLANG_WARN_SUSPICIOUS_MOVE = YES;
				CLANG_WARN_UNGUARDED_AVAILABILITY = YES_AGGRESSIVE;
				CLANG_WARN_UNREACHABLE_CODE = YES;
				CLANG_WARN__DUPLICATE_METHOD_MATCH = YES;
				COPY_PHASE_STRIP = NO;
				DEBUG_INFORMATION_FORMAT = dwarf;
				ENABLE_STRICT_OBJC_MSGSEND = YES;
				ENABLE_TESTABILITY = YES;
				ENABLE_USER_SCRIPT_SANDBOXING = YES;
				GCC_C_LANGUAGE_STANDARD = gnu17;
				GCC_DYNAMIC_NO_PIC = NO;
				GCC_NO_COMMON_BLOCKS = YES;
				GCC_OPTIMIZATION_LEVEL = 0;
				GCC_PREPROCESSOR_DEFINITIONS = (
					"DEBUG=1",
					"$(inherited)",
				);
				GCC_WARN_64_TO_32_BIT_CONVERSION = YES;
				GCC_WARN_ABOUT_RETURN_TYPE = YES_ERROR;
				GCC_WARN_UNDECLARED_SELECTOR = YES;
				GCC_WARN_UNINITIALIZED_AUTOS = YES_AGGRESSIVE;
				GCC_WARN_UNUSED_FUNCTION = YES;
				GCC_WARN_UNUSED_VARIABLE = YES;
				IPHONEOS_DEPLOYMENT_TARGET = 17.4;
				LOCALIZATION_PREFERS_STRING_CATALOGS = YES;
				MTL_ENABLE_DEBUG_INFO = INCLUDE_SOURCE;
				MTL_FAST_MATH = YES;
				ONLY_ACTIVE_ARCH = YES;
				SDKROOT = iphoneos;
				SWIFT_ACTIVE_COMPILATION_CONDITIONS = "DEBUG $(inherited)";
				SWIFT_OPTIMIZATION_LEVEL = "-Onone";
			};
			name = Debug;
		};
		36B587E82BF73F1900D523D0 /* Release */ = {
			isa = XCBuildConfiguration;
			buildSettings = {
				ALWAYS_SEARCH_USER_PATHS = NO;
				ASSETCATALOG_COMPILER_GENERATE_SWIFT_ASSET_SYMBOL_EXTENSIONS = YES;
				CLANG_ANALYZER_NONNULL = YES;
				CLANG_ANALYZER_NUMBER_OBJECT_CONVERSION = YES_AGGRESSIVE;
				CLANG_CXX_LANGUAGE_STANDARD = "gnu++20";
				CLANG_ENABLE_MODULES = YES;
				CLANG_ENABLE_OBJC_ARC = YES;
				CLANG_ENABLE_OBJC_WEAK = YES;
				CLANG_WARN_BLOCK_CAPTURE_AUTORELEASING = YES;
				CLANG_WARN_BOOL_CONVERSION = YES;
				CLANG_WARN_COMMA = YES;
				CLANG_WARN_CONSTANT_CONVERSION = YES;
				CLANG_WARN_DEPRECATED_OBJC_IMPLEMENTATIONS = YES;
				CLANG_WARN_DIRECT_OBJC_ISA_USAGE = YES_ERROR;
				CLANG_WARN_DOCUMENTATION_COMMENTS = YES;
				CLANG_WARN_EMPTY_BODY = YES;
				CLANG_WARN_ENUM_CONVERSION = YES;
				CLANG_WARN_INFINITE_RECURSION = YES;
				CLANG_WARN_INT_CONVERSION = YES;
				CLANG_WARN_NON_LITERAL_NULL_CONVERSION = YES;
				CLANG_WARN_OBJC_IMPLICIT_RETAIN_SELF = YES;
				CLANG_WARN_OBJC_LITERAL_CONVERSION = YES;
				CLANG_WARN_OBJC_ROOT_CLASS = YES_ERROR;
				CLANG_WARN_QUOTED_INCLUDE_IN_FRAMEWORK_HEADER = YES;
				CLANG_WARN_RANGE_LOOP_ANALYSIS = YES;
				CLANG_WARN_STRICT_PROTOTYPES = YES;
				CLANG_WARN_SUSPICIOUS_MOVE = YES;
				CLANG_WARN_UNGUARDED_AVAILABILITY = YES_AGGRESSIVE;
				CLANG_WARN_UNREACHABLE_CODE = YES;
				CLANG_WARN__DUPLICATE_METHOD_MATCH = YES;
				COPY_PHASE_STRIP = NO;
				DEBUG_INFORMATION_FORMAT = "dwarf-with-dsym";
				ENABLE_NS_ASSERTIONS = NO;
				ENABLE_STRICT_OBJC_MSGSEND = YES;
				ENABLE_USER_SCRIPT_SANDBOXING = YES;
				GCC_C_LANGUAGE_STANDARD = gnu17;
				GCC_NO_COMMON_BLOCKS = YES;
				GCC_WARN_64_TO_32_BIT_CONVERSION = YES;
				GCC_WARN_ABOUT_RETURN_TYPE = YES_ERROR;
				GCC_WARN_UNDECLARED_SELECTOR = YES;
				GCC_WARN_UNINITIALIZED_AUTOS = YES_AGGRESSIVE;
				GCC_WARN_UNUSED_FUNCTION = YES;
				GCC_WARN_UNUSED_VARIABLE = YES;
				IPHONEOS_DEPLOYMENT_TARGET = 17.4;
				LOCALIZATION_PREFERS_STRING_CATALOGS = YES;
				MTL_ENABLE_DEBUG_INFO = NO;
				MTL_FAST_MATH = YES;
				SDKROOT = iphoneos;
				SWIFT_COMPILATION_MODE = wholemodule;
				VALIDATE_PRODUCT = YES;
			};
			name = Release;
		};
		36B587EA2BF73F1900D523D0 /* Debug */ = {
			isa = XCBuildConfiguration;
			buildSettings = {
				ASSETCATALOG_COMPILER_APPICON_NAME = AppIcon;
				ASSETCATALOG_COMPILER_GLOBAL_ACCENT_COLOR_NAME = AccentColor;
				CODE_SIGN_STYLE = Automatic;
				CURRENT_PROJECT_VERSION = 1;
				DEVELOPMENT_TEAM = 3346223HX4;
				GENERATE_INFOPLIST_FILE = YES;
				INFOPLIST_FILE = YourProject/Info.plist;
				INFOPLIST_KEY_UIApplicationSupportsIndirectInputEvents = YES;
				INFOPLIST_KEY_UILaunchStoryboardName = LaunchScreen;
				INFOPLIST_KEY_UIMainStoryboardFile = Main;
				INFOPLIST_KEY_UISupportedInterfaceOrientations_iPad = "UIInterfaceOrientationPortrait UIInterfaceOrientationPortraitUpsideDown UIInterfaceOrientationLandscapeLeft UIInterfaceOrientationLandscapeRight";
				INFOPLIST_KEY_UISupportedInterfaceOrientations_iPhone = "UIInterfaceOrientationPortrait UIInterfaceOrientationLandscapeLeft UIInterfaceOrientationLandscapeRight";
				LD_RUNPATH_SEARCH_PATHS = (
					"$(inherited)",
					"@executable_path/Frameworks",
				);
				MARKETING_VERSION = 1.0;
				PRODUCT_BUNDLE_IDENTIFIER = introdex.YourProject;
				PRODUCT_NAME = "$(TARGET_NAME)";
				SWIFT_EMIT_LOC_STRINGS = YES;
				SWIFT_VERSION = 5.0;
				TARGETED_DEVICE_FAMILY = "1,2";
			};
			name = Debug;
		};
		36B587EB2BF73F1900D523D0 /* Release */ = {
			isa = XCBuildConfiguration;
			buildSettings = {
				ASSETCATALOG_COMPILER_APPICON_NAME = AppIcon;
				ASSETCATALOG_COMPILER_GLOBAL_ACCENT_COLOR_NAME = AccentColor;
				CODE_SIGN_STYLE = Automatic;
				CURRENT_PROJECT_VERSION = 1;
				DEVELOPMENT_TEAM = 3346223HX4;
				GENERATE_INFOPLIST_FILE = YES;
				INFOPLIST_FILE = YourProject/Info.plist;
				INFOPLIST_KEY_UIApplicationSupportsIndirectInputEvents = YES;
				INFOPLIST_KEY_UILaunchStoryboardName = LaunchScreen;
				INFOPLIST_KEY_UIMainStoryboardFile = Main;
				INFOPLIST_KEY_UISupportedInterfaceOrientations_iPad = "UIInterfaceOrientationPortrait UIInterfaceOrientationPortraitUpsideDown UIInterfaceOrientationLandscapeLeft UIInterfaceOrientationLandscapeRight";
				INFOPLIST_KEY_UISupportedInterfaceOrientations_iPhone = "UIInterfaceOrientationPortrait UIInterfaceOrientationLandscapeLeft UIInterfaceOrientationLandscapeRight";
				LD_RUNPATH_SEARCH_PATHS = (
					"$(inherited)",
					"@executable_path/Frameworks",
				);
				MARKETING_VERSION = 1.0;
				PRODUCT_BUNDLE_IDENTIFIER = introdex.YourProject;
				PRODUCT_NAME = "$(TARGET_NAME)";
				SWIFT_EMIT_LOC_STRINGS = YES;
				SWIFT_VERSION = 5.0;
				TARGETED_DEVICE_FAMILY = "1,2";
			};
			name = Release;
		};
		36B587ED2BF73F1900D523D0 /* Debug */ = {
			isa = XCBuildConfiguration;
			buildSettings = {
				ALWAYS_EMBED_SWIFT_STANDARD_LIBRARIES = YES;
				BUNDLE_LOADER = "$(TEST_HOST)";
				CODE_SIGN_STYLE = Automatic;
				CURRENT_PROJECT_VERSION = 1;
				DEVELOPMENT_TEAM = 3346223HX4;
				GENERATE_INFOPLIST_FILE = YES;
				IPHONEOS_DEPLOYMENT_TARGET = 17.4;
				MARKETING_VERSION = 1.0;
				PRODUCT_BUNDLE_IDENTIFIER = introdex.YourProjectTests;
				PRODUCT_NAME = "$(TARGET_NAME)";
				SWIFT_EMIT_LOC_STRINGS = NO;
				SWIFT_VERSION = 5.0;
				TARGETED_DEVICE_FAMILY = "1,2";
				TEST_HOST = "$(BUILT_PRODUCTS_DIR)/YourProject.app/$(BUNDLE_EXECUTABLE_FOLDER_PATH)/YourProject";
			};
			name = Debug;
		};
		36B587EE2BF73F1900D523D0 /* Release */ = {
			isa = XCBuildConfiguration;
			buildSettings = {
				ALWAYS_EMBED_SWIFT_STANDARD_LIBRARIES = YES;
				BUNDLE_LOADER = "$(TEST_HOST)";
				CODE_SIGN_STYLE = Automatic;
				CURRENT_PROJECT_VERSION = 1;
				DEVELOPMENT_TEAM = 3346223HX4;
				GENERATE_INFOPLIST_FILE = YES;
				IPHONEOS_DEPLOYMENT_TARGET = 17.4;
				MARKETING_VERSION = 1.0;
				PRODUCT_BUNDLE_IDENTIFIER = introdex.YourProjectTests;
				PRODUCT_NAME = "$(TARGET_NAME)";
				SWIFT_EMIT_LOC_STRINGS = NO;
				SWIFT_VERSION = 5.0;
				TARGETED_DEVICE_FAMILY = "1,2";
				TEST_HOST = "$(BUILT_PRODUCTS_DIR)/YourProject.app/$(BUNDLE_EXECUTABLE_FOLDER_PATH)/YourProject";
			};
			name = Release;
		};
		36B587F02BF73F1900D523D0 /* Debug */ = {
			isa = XCBuildConfiguration;
			buildSettings = {
				ALWAYS_EMBED_SWIFT_STANDARD_LIBRARIES = YES;
				CODE_SIGN_STYLE = Automatic;
				CURRENT_PROJECT_VERSION = 1;
				DEVELOPMENT_TEAM = 3346223HX4;
				GENERATE_INFOPLIST_FILE = YES;
				MARKETING_VERSION = 1.0;
				PRODUCT_BUNDLE_IDENTIFIER = introdex.YourProjectUITests;
				PRODUCT_NAME = "$(TARGET_NAME)";
				SWIFT_EMIT_LOC_STRINGS = NO;
				SWIFT_VERSION = 5.0;
				TARGETED_DEVICE_FAMILY = "1,2";
				TEST_TARGET_NAME = YourProject;
			};
			name = Debug;
		};
		36B587F12BF73F1900D523D0 /* Release */ = {
			isa = XCBuildConfiguration;
			buildSettings = {
				ALWAYS_EMBED_SWIFT_STANDARD_LIBRARIES = YES;
				CODE_SIGN_STYLE = Automatic;
				CURRENT_PROJECT_VERSION = 1;
				DEVELOPMENT_TEAM = 3346223HX4;
				GENERATE_INFOPLIST_FILE = YES;
				MARKETING_VERSION = 1.0;
				PRODUCT_BUNDLE_IDENTIFIER = introdex.YourProjectUITests;
				PRODUCT_NAME = "$(TARGET_NAME)";
				SWIFT_EMIT_LOC_STRINGS = NO;
				SWIFT_VERSION = 5.0;
				TARGETED_DEVICE_FAMILY = "1,2";
				TEST_TARGET_NAME = YourProject;
			};
			name = Release;
		};
/* End XCBuildConfiguration section */

/* Begin XCConfigurationList section */
		36B587BA2BF73F1600D523D0 /* Build configuration list for PBXProject "YourProject" */ = {
			isa = XCConfigurationList;
			buildConfigurations = (
				36B587E72BF73F1900D523D0 /* Debug */,
				36B587E82BF73F1900D523D0 /* Release */,
			);
			defaultConfigurationIsVisible = 0;
			defaultConfigurationName = Release;
		};
		36B587E92BF73F1900D523D0 /* Build configuration list for PBXNativeTarget "YourProject" */ = {
			isa = XCConfigurationList;
			buildConfigurations = (
				36B587EA2BF73F1900D523D0 /* Debug */,
				36B587EB2BF73F1900D523D0 /* Release */,
			);
			defaultConfigurationIsVisible = 0;
			defaultConfigurationName = Release;
		};
		36B587EC2BF73F1900D523D0 /* Build configuration list for PBXNativeTarget "YourProjectTests" */ = {
			isa = XCConfigurationList;
			buildConfigurations = (
				36B587ED2BF73F1900D523D0 /* Debug */,
				36B587EE2BF73F1900D523D0 /* Release */,
			);
			defaultConfigurationIsVisible = 0;
			defaultConfigurationName = Release;
		};
		36B587EF2BF73F1900D523D0 /* Build configuration list for PBXNativeTarget "YourProjectUITests" */ = {
			isa = XCConfigurationList;
			buildConfigurations = (
				36B587F02BF73F1900D523D0 /* Debug */,
				36B587F12BF73F1900D523D0 /* Release */,
			);
			defaultConfigurationIsVisible = 0;
			defaultConfigurationName = Release;
		};
/* End XCConfigurationList section */

/* Begin XCRemoteSwiftPackageReference section */
		364028FE2CC604B4004D745F /* XCRemoteSwiftPackageReference "Charts" */ = {
			isa = XCRemoteSwiftPackageReference;
			repositoryURL = "https://github.com/ChartsOrg/Charts";
			requirement = {
				kind = upToNextMajorVersion;
				minimumVersion = 5.1.0;
			};
		};
		36B587F42BF73FF800D523D0 /* XCRemoteSwiftPackageReference "SnapKit" */ = {
			isa = XCRemoteSwiftPackageReference;
			repositoryURL = "https://github.com/SnapKit/SnapKit";
			requirement = {
				kind = upToNextMajorVersion;
				minimumVersion = 5.7.1;
			};
		};
/* End XCRemoteSwiftPackageReference section */

/* Begin XCSwiftPackageProductDependency section */
		364029002CC608EA004D745F /* DGCharts */ = {
			isa = XCSwiftPackageProductDependency;
			package = 364028FE2CC604B4004D745F /* XCRemoteSwiftPackageReference "Charts" */;
			productName = DGCharts;
		};
		36B587F52BF73FF800D523D0 /* SnapKit */ = {
			isa = XCSwiftPackageProductDependency;
			package = 36B587F42BF73FF800D523D0 /* XCRemoteSwiftPackageReference "SnapKit" */;
			productName = SnapKit;
		};
/* End XCSwiftPackageProductDependency section */
	};
	rootObject = 36B587B72BF73F1600D523D0 /* Project object */;
}
